
Microsoft Visual Studio Solution File, Format Version 12.00
# Visual Studio Version 16
VisualStudioVersion = 16.0.31005.135
MinimumVisualStudioVersion = 10.0.40219.1
Project("{8BC9CEB8-8B4A-11D0-8D11-00A0C91BC942}") = "Project1", "..\..\..\..\source\repos\Project1\Project1\Project1\Project1.vcxitems", "{73CA1EC6-9362-490C-857C-DEAA06A6A1A4}"
EndProject
Global
	GlobalSection(SolutionProperties) = preSolution
		HideSolutionNode = FALSE
	EndGlobalSection
	GlobalSection(ExtensibilityGlobals) = postSolution
		SolutionGuid = {C0E46BF7-B722-4840-B2AF-FE160A75C125}
	EndGlobalSection
EndGlobal
